// !$*UTF8*$!
{
	archiveVersion = 1;
	classes = {
	};
	objectVersion = 56;
	objects = {

/* Begin PBXBuildFile section */
		839864942C7F586200F2D654 /* ParticlesApp.swift in Sources */ = {isa = PBXBuildFile; fileRef = 839864932C7F586200F2D654 /* ParticlesApp.swift */; };
		839864962C7F586200F2D654 /* ContentView.swift in Sources */ = {isa = PBXBuildFile; fileRef = 839864952C7F586200F2D654 /* ContentView.swift */; };
		839864982C7F586300F2D654 /* Assets.xcassets in Resources */ = {isa = PBXBuildFile; fileRef = 839864972C7F586300F2D654 /* Assets.xcassets */; };
		8398649C2C7F586300F2D654 /* Preview Assets.xcassets in Resources */ = {isa = PBXBuildFile; fileRef = 8398649B2C7F586300F2D654 /* Preview Assets.xcassets */; };
		839864A62C7F586300F2D654 /* ParticlesTests.swift in Sources */ = {isa = PBXBuildFile; fileRef = 839864A52C7F586300F2D654 /* ParticlesTests.swift */; };
		839864B02C7F586300F2D654 /* ParticlesUITests.swift in Sources */ = {isa = PBXBuildFile; fileRef = 839864AF2C7F586300F2D654 /* ParticlesUITests.swift */; };
		839864B22C7F586300F2D654 /* ParticlesUITestsLaunchTests.swift in Sources */ = {isa = PBXBuildFile; fileRef = 839864B12C7F586300F2D654 /* ParticlesUITestsLaunchTests.swift */; };
/* End PBXBuildFile section */

/* Begin PBXContainerItemProxy section */
		839864A22C7F586300F2D654 /* PBXContainerItemProxy */ = {
			isa = PBXContainerItemProxy;
			containerPortal = 839864882C7F586200F2D654 /* Project object */;
			proxyType = 1;
			remoteGlobalIDString = 8398648F2C7F586200F2D654;
			remoteInfo = Particles;
		};
		839864AC2C7F586300F2D654 /* PBXContainerItemProxy */ = {
			isa = PBXContainerItemProxy;
			containerPortal = 839864882C7F586200F2D654 /* Project object */;
			proxyType = 1;
			remoteGlobalIDString = 8398648F2C7F586200F2D654;
			remoteInfo = Particles;
		};
/* End PBXContainerItemProxy section */

/* Begin PBXFileReference section */
		839864902C7F586200F2D654 /* Particles.app */ = {isa = PBXFileReference; explicitFileType = wrapper.application; includeInIndex = 0; path = Particles.app; sourceTree = BUILT_PRODUCTS_DIR; };
		839864932C7F586200F2D654 /* ParticlesApp.swift */ = {isa = PBXFileReference; lastKnownFileType = sourcecode.swift; path = ParticlesApp.swift; sourceTree = "<group>"; };
		839864952C7F586200F2D654 /* ContentView.swift */ = {isa = PBXFileReference; lastKnownFileType = sourcecode.swift; path = ContentView.swift; sourceTree = "<group>"; };
		839864972C7F586300F2D654 /* Assets.xcassets */ = {isa = PBXFileReference; lastKnownFileType = folder.assetcatalog; path = Assets.xcassets; sourceTree = "<group>"; };
		839864992C7F586300F2D654 /* Particles.entitlements */ = {isa = PBXFileReference; lastKnownFileType = text.plist.entitlements; path = Particles.entitlements; sourceTree = "<group>"; };
		8398649B2C7F586300F2D654 /* Preview Assets.xcassets */ = {isa = PBXFileReference; lastKnownFileType = folder.assetcatalog; path = "Preview Assets.xcassets"; sourceTree = "<group>"; };
		839864A12C7F586300F2D654 /* ParticlesTests.xctest */ = {isa = PBXFileReference; explicitFileType = wrapper.cfbundle; includeInIndex = 0; path = ParticlesTests.xctest; sourceTree = BUILT_PRODUCTS_DIR; };
		839864A52C7F586300F2D654 /* ParticlesTests.swift */ = {isa = PBXFileReference; lastKnownFileType = sourcecode.swift; path = ParticlesTests.swift; sourceTree = "<group>"; };
		839864AB2C7F586300F2D654 /* ParticlesUITests.xctest */ = {isa = PBXFileReference; explicitFileType = wrapper.cfbundle; includeInIndex = 0; path = ParticlesUITests.xctest; sourceTree = BUILT_PRODUCTS_DIR; };
		839864AF2C7F586300F2D654 /* ParticlesUITests.swift */ = {isa = PBXFileReference; lastKnownFileType = sourcecode.swift; path = ParticlesUITests.swift; sourceTree = "<group>"; };
		839864B12C7F586300F2D654 /* ParticlesUITestsLaunchTests.swift */ = {isa = PBXFileReference; lastKnownFileType = sourcecode.swift; path = ParticlesUITestsLaunchTests.swift; sourceTree = "<group>"; };
/* End PBXFileReference section */

/* Begin PBXFrameworksBuildPhase section */
		8398648D2C7F586200F2D654 /* Frameworks */ = {
			isa = PBXFrameworksBuildPhase;
			buildActionMask = 2147483647;
			files = (
			);
			runOnlyForDeploymentPostprocessing = 0;
		};
		8398649E2C7F586300F2D654 /* Frameworks */ = {
			isa = PBXFrameworksBuildPhase;
			buildActionMask = 2147483647;
			files = (
			);
			runOnlyForDeploymentPostprocessing = 0;
		};
		839864A82C7F586300F2D654 /* Frameworks */ = {
			isa = PBXFrameworksBuildPhase;
			buildActionMask = 2147483647;
			files = (
			);
			runOnlyForDeploymentPostprocessing = 0;
		};
/* End PBXFrameworksBuildPhase section */

/* Begin PBXGroup section */
		839864872C7F586200F2D654 = {
			isa = PBXGroup;
			children = (
				839864922C7F586200F2D654 /* Particles */,
				839864A42C7F586300F2D654 /* ParticlesTests */,
				839864AE2C7F586300F2D654 /* ParticlesUITests */,
				839864912C7F586200F2D654 /* Products */,
			);
			sourceTree = "<group>";
		};
		839864912C7F586200F2D654 /* Products */ = {
			isa = PBXGroup;
			children = (
				839864902C7F586200F2D654 /* Particles.app */,
				839864A12C7F586300F2D654 /* ParticlesTests.xctest */,
				839864AB2C7F586300F2D654 /* ParticlesUITests.xctest */,
			);
			name = Products;
			sourceTree = "<group>";
		};
		839864922C7F586200F2D654 /* Particles */ = {
			isa = PBXGroup;
			children = (
				839864932C7F586200F2D654 /* ParticlesApp.swift */,
				839864952C7F586200F2D654 /* ContentView.swift */,
				839864972C7F586300F2D654 /* Assets.xcassets */,
				839864992C7F586300F2D654 /* Particles.entitlements */,
				8398649A2C7F586300F2D654 /* Preview Content */,
			);
			path = Particles;
			sourceTree = "<group>";
		};
		8398649A2C7F586300F2D654 /* Preview Content */ = {
			isa = PBXGroup;
			children = (
				8398649B2C7F586300F2D654 /* Preview Assets.xcassets */,
			);
			path = "Preview Content";
			sourceTree = "<group>";
		};
		839864A42C7F586300F2D654 /* ParticlesTests */ = {
			isa = PBXGroup;
			children = (
				839864A52C7F586300F2D654 /* ParticlesTests.swift */,
			);
			path = ParticlesTests;
			sourceTree = "<group>";
		};
		839864AE2C7F586300F2D654 /* ParticlesUITests */ = {
			isa = PBXGroup;
			children = (
				839864AF2C7F586300F2D654 /* ParticlesUITests.swift */,
				839864B12C7F586300F2D654 /* ParticlesUITestsLaunchTests.swift */,
			);
			path = ParticlesUITests;
			sourceTree = "<group>";
		};
/* End PBXGroup section */

/* Begin PBXNativeTarget section */
		8398648F2C7F586200F2D654 /* Particles */ = {
			isa = PBXNativeTarget;
			buildConfigurationList = 839864B52C7F586300F2D654 /* Build configuration list for PBXNativeTarget "Particles" */;
			buildPhases = (
				8398648C2C7F586200F2D654 /* Sources */,
				8398648D2C7F586200F2D654 /* Frameworks */,
				8398648E2C7F586200F2D654 /* Resources */,
			);
			buildRules = (
			);
			dependencies = (
			);
			name = Particles;
			productName = Particles;
			productReference = 839864902C7F586200F2D654 /* Particles.app */;
			productType = "com.apple.product-type.application";
		};
		839864A02C7F586300F2D654 /* ParticlesTests */ = {
			isa = PBXNativeTarget;
			buildConfigurationList = 839864B82C7F586300F2D654 /* Build configuration list for PBXNativeTarget "ParticlesTests" */;
			buildPhases = (
				8398649D2C7F586300F2D654 /* Sources */,
				8398649E2C7F586300F2D654 /* Frameworks */,
				8398649F2C7F586300F2D654 /* Resources */,
			);
			buildRules = (
			);
			dependencies = (
				839864A32C7F586300F2D654 /* PBXTargetDependency */,
			);
			name = ParticlesTests;
			productName = ParticlesTests;
			productReference = 839864A12C7F586300F2D654 /* ParticlesTests.xctest */;
			productType = "com.apple.product-type.bundle.unit-test";
		};
		839864AA2C7F586300F2D654 /* ParticlesUITests */ = {
			isa = PBXNativeTarget;
			buildConfigurationList = 839864BB2C7F586300F2D654 /* Build configuration list for PBXNativeTarget "ParticlesUITests" */;
			buildPhases = (
				839864A72C7F586300F2D654 /* Sources */,
				839864A82C7F586300F2D654 /* Frameworks */,
				839864A92C7F586300F2D654 /* Resources */,
			);
			buildRules = (
			);
			dependencies = (
				839864AD2C7F586300F2D654 /* PBXTargetDependency */,
			);
			name = ParticlesUITests;
			productName = ParticlesUITests;
			productReference = 839864AB2C7F586300F2D654 /* ParticlesUITests.xctest */;
			productType = "com.apple.product-type.bundle.ui-testing";
		};
/* End PBXNativeTarget section */

/* Begin PBXProject section */
		839864882C7F586200F2D654 /* Project object */ = {
			isa = PBXProject;
			attributes = {
				BuildIndependentTargetsInParallel = 1;
				LastSwiftUpdateCheck = 1540;
				LastUpgradeCheck = 1540;
				TargetAttributes = {
					8398648F2C7F586200F2D654 = {
						CreatedOnToolsVersion = 15.4;
					};
					839864A02C7F586300F2D654 = {
						CreatedOnToolsVersion = 15.4;
						TestTargetID = 8398648F2C7F586200F2D654;
					};
					839864AA2C7F586300F2D654 = {
						CreatedOnToolsVersion = 15.4;
						TestTargetID = 8398648F2C7F586200F2D654;
					};
				};
			};
			buildConfigurationList = 8398648B2C7F586200F2D654 /* Build configuration list for PBXProject "Particles" */;
			compatibilityVersion = "Xcode 14.0";
			developmentRegion = en;
			hasScannedForEncodings = 0;
			knownRegions = (
				en,
				Base,
			);
			mainGroup = 839864872C7F586200F2D654;
			productRefGroup = 839864912C7F586200F2D654 /* Products */;
			projectDirPath = "";
			projectRoot = "";
			targets = (
				8398648F2C7F586200F2D654 /* Particles */,
				839864A02C7F586300F2D654 /* ParticlesTests */,
				839864AA2C7F586300F2D654 /* ParticlesUITests */,
			);
		};
/* End PBXProject section */

/* Begin PBXResourcesBuildPhase section */
		8398648E2C7F586200F2D654 /* Resources */ = {
			isa = PBXResourcesBuildPhase;
			buildActionMask = 2147483647;
			files = (
				8398649C2C7F586300F2D654 /* Preview Assets.xcassets in Resources */,
				839864982C7F586300F2D654 /* Assets.xcassets in Resources */,
			);
			runOnlyForDeploymentPostprocessing = 0;
		};
		8398649F2C7F586300F2D654 /* Resources */ = {
			isa = PBXResourcesBuildPhase;
			buildActionMask = 2147483647;
			files = (
			);
			runOnlyForDeploymentPostprocessing = 0;
		};
		839864A92C7F586300F2D654 /* Resources */ = {
			isa = PBXResourcesBuildPhase;
			buildActionMask = 2147483647;
			files = (
			);
			runOnlyForDeploymentPostprocessing = 0;
		};
/* End PBXResourcesBuildPhase section */

/* Begin PBXSourcesBuildPhase section */
		8398648C2C7F586200F2D654 /* Sources */ = {
			isa = PBXSourcesBuildPhase;
			buildActionMask = 2147483647;
			files = (
				839864962C7F586200F2D654 /* ContentView.swift in Sources */,
				839864942C7F586200F2D654 /* ParticlesApp.swift in Sources */,
			);
			runOnlyForDeploymentPostprocessing = 0;
		};
		8398649D2C7F586300F2D654 /* Sources */ = {
			isa = PBXSourcesBuildPhase;
			buildActionMask = 2147483647;
			files = (
				839864A62C7F586300F2D654 /* ParticlesTests.swift in Sources */,
			);
			runOnlyForDeploymentPostprocessing = 0;
		};
		839864A72C7F586300F2D654 /* Sources */ = {
			isa = PBXSourcesBuildPhase;
			buildActionMask = 2147483647;
			files = (
				839864B22C7F586300F2D654 /* ParticlesUITestsLaunchTests.swift in Sources */,
				839864B02C7F586300F2D654 /* ParticlesUITests.swift in Sources */,
			);
			runOnlyForDeploymentPostprocessing = 0;
		};
/* End PBXSourcesBuildPhase section */

/* Begin PBXTargetDependency section */
		839864A32C7F586300F2D654 /* PBXTargetDependency */ = {
			isa = PBXTargetDependency;
			target = 8398648F2C7F586200F2D654 /* Particles */;
			targetProxy = 839864A22C7F586300F2D654 /* PBXContainerItemProxy */;
		};
		839864AD2C7F586300F2D654 /* PBXTargetDependency */ = {
			isa = PBXTargetDependency;
			target = 8398648F2C7F586200F2D654 /* Particles */;
			targetProxy = 839864AC2C7F586300F2D654 /* PBXContainerItemProxy */;
		};
/* End PBXTargetDependency section */

/* Begin XCBuildConfiguration section */
		839864B32C7F586300F2D654 /* Debug */ = {
			isa = XCBuildConfiguration;
			buildSettings = {
				ALWAYS_SEARCH_USER_PATHS = NO;
				ASSETCATALOG_COMPILER_GENERATE_SWIFT_ASSET_SYMBOL_EXTENSIONS = YES;
				CLANG_ANALYZER_NONNULL = YES;
				CLANG_ANALYZER_NUMBER_OBJECT_CONVERSION = YES_AGGRESSIVE;
				CLANG_CXX_LANGUAGE_STANDARD = "gnu++20";
				CLANG_ENABLE_MODULES = YES;
				CLANG_ENABLE_OBJC_ARC = YES;
				CLANG_ENABLE_OBJC_WEAK = YES;
				CLANG_WARN_BLOCK_CAPTURE_AUTORELEASING = YES;
				CLANG_WARN_BOOL_CONVERSION = YES;
				CLANG_WARN_COMMA = YES;
				CLANG_WARN_CONSTANT_CONVERSION = YES;
				CLANG_WARN_DEPRECATED_OBJC_IMPLEMENTATIONS = YES;
				CLANG_WARN_DIRECT_OBJC_ISA_USAGE = YES_ERROR;
				CLANG_WARN_DOCUMENTATION_COMMENTS = YES;
				CLANG_WARN_EMPTY_BODY = YES;
				CLANG_WARN_ENUM_CONVERSION = YES;
				CLANG_WARN_INFINITE_RECURSION = YES;
				CLANG_WARN_INT_CONVERSION = YES;
				CLANG_WARN_NON_LITERAL_NULL_CONVERSION = YES;
				CLANG_WARN_OBJC_IMPLICIT_RETAIN_SELF = YES;
				CLANG_WARN_OBJC_LITERAL_CONVERSION = YES;
				CLANG_WARN_OBJC_ROOT_CLASS = YES_ERROR;
				CLANG_WARN_QUOTED_INCLUDE_IN_FRAMEWORK_HEADER = YES;
				CLANG_WARN_RANGE_LOOP_ANALYSIS = YES;
				CLANG_WARN_STRICT_PROTOTYPES = YES;
				CLANG_WARN_SUSPICIOUS_MOVE = YES;
				CLANG_WARN_UNGUARDED_AVAILABILITY = YES_AGGRESSIVE;
				CLANG_WARN_UNREACHABLE_CODE = YES;
				CLANG_WARN__DUPLICATE_METHOD_MATCH = YES;
				COPY_PHASE_STRIP = NO;
				DEBUG_INFORMATION_FORMAT = dwarf;
				ENABLE_STRICT_OBJC_MSGSEND = YES;
				ENABLE_TESTABILITY = YES;
				ENABLE_USER_SCRIPT_SANDBOXING = YES;
				GCC_C_LANGUAGE_STANDARD = gnu17;
				GCC_DYNAMIC_NO_PIC = NO;
				GCC_NO_COMMON_BLOCKS = YES;
				GCC_OPTIMIZATION_LEVEL = 0;
				GCC_PREPROCESSOR_DEFINITIONS = (
					"DEBUG=1",
					"$(inherited)",
				);
				GCC_WARN_64_TO_32_BIT_CONVERSION = YES;
				GCC_WARN_ABOUT_RETURN_TYPE = YES_ERROR;
				GCC_WARN_UNDECLARED_SELECTOR = YES;
				GCC_WARN_UNINITIALIZED_AUTOS = YES_AGGRESSIVE;
				GCC_WARN_UNUSED_FUNCTION = YES;
				GCC_WARN_UNUSED_VARIABLE = YES;
				LOCALIZATION_PREFERS_STRING_CATALOGS = YES;
				MTL_ENABLE_DEBUG_INFO = INCLUDE_SOURCE;
				MTL_FAST_MATH = YES;
				ONLY_ACTIVE_ARCH = YES;
				SWIFT_ACTIVE_COMPILATION_CONDITIONS = "DEBUG $(inherited)";
				SWIFT_OPTIMIZATION_LEVEL = "-Onone";
			};
			name = Debug;
		};
		839864B42C7F586300F2D654 /* Release */ = {
			isa = XCBuildConfiguration;
			buildSettings = {
				ALWAYS_SEARCH_USER_PATHS = NO;
				ASSETCATALOG_COMPILER_GENERATE_SWIFT_ASSET_SYMBOL_EXTENSIONS = YES;
				CLANG_ANALYZER_NONNULL = YES;
				CLANG_ANALYZER_NUMBER_OBJECT_CONVERSION = YES_AGGRESSIVE;
				CLANG_CXX_LANGUAGE_STANDARD = "gnu++20";
				CLANG_ENABLE_MODULES = YES;
				CLANG_ENABLE_OBJC_ARC = YES;
				CLANG_ENABLE_OBJC_WEAK = YES;
				CLANG_WARN_BLOCK_CAPTURE_AUTORELEASING = YES;
				CLANG_WARN_BOOL_CONVERSION = YES;
				CLANG_WARN_COMMA = YES;
				CLANG_WARN_CONSTANT_CONVERSION = YES;
				CLANG_WARN_DEPRECATED_OBJC_IMPLEMENTATIONS = YES;
				CLANG_WARN_DIRECT_OBJC_ISA_USAGE = YES_ERROR;
				CLANG_WARN_DOCUMENTATION_COMMENTS = YES;
				CLANG_WARN_EMPTY_BODY = YES;
				CLANG_WARN_ENUM_CONVERSION = YES;
				CLANG_WARN_INFINITE_RECURSION = YES;
				CLANG_WARN_INT_CONVERSION = YES;
				CLANG_WARN_NON_LITERAL_NULL_CONVERSION = YES;
				CLANG_WARN_OBJC_IMPLICIT_RETAIN_SELF = YES;
				CLANG_WARN_OBJC_LITERAL_CONVERSION = YES;
				CLANG_WARN_OBJC_ROOT_CLASS = YES_ERROR;
				CLANG_WARN_QUOTED_INCLUDE_IN_FRAMEWORK_HEADER = YES;
				CLANG_WARN_RANGE_LOOP_ANALYSIS = YES;
				CLANG_WARN_STRICT_PROTOTYPES = YES;
				CLANG_WARN_SUSPICIOUS_MOVE = YES;
				CLANG_WARN_UNGUARDED_AVAILABILITY = YES_AGGRESSIVE;
				CLANG_WARN_UNREACHABLE_CODE = YES;
				CLANG_WARN__DUPLICATE_METHOD_MATCH = YES;
				COPY_PHASE_STRIP = NO;
				DEBUG_INFORMATION_FORMAT = "dwarf-with-dsym";
				ENABLE_NS_ASSERTIONS = NO;
				ENABLE_STRICT_OBJC_MSGSEND = YES;
				ENABLE_USER_SCRIPT_SANDBOXING = YES;
				GCC_C_LANGUAGE_STANDARD = gnu17;
				GCC_NO_COMMON_BLOCKS = YES;
				GCC_WARN_64_TO_32_BIT_CONVERSION = YES;
				GCC_WARN_ABOUT_RETURN_TYPE = YES_ERROR;
				GCC_WARN_UNDECLARED_SELECTOR = YES;
				GCC_WARN_UNINITIALIZED_AUTOS = YES_AGGRESSIVE;
				GCC_WARN_UNUSED_FUNCTION = YES;
				GCC_WARN_UNUSED_VARIABLE = YES;
				LOCALIZATION_PREFERS_STRING_CATALOGS = YES;
				MTL_ENABLE_DEBUG_INFO = NO;
				MTL_FAST_MATH = YES;
				SWIFT_COMPILATION_MODE = wholemodule;
			};
			name = Release;
		};
		839864B62C7F586300F2D654 /* Debug */ = {
			isa = XCBuildConfiguration;
			buildSettings = {
				ASSETCATALOG_COMPILER_APPICON_NAME = AppIcon;
				ASSETCATALOG_COMPILER_GLOBAL_ACCENT_COLOR_NAME = AccentColor;
				CODE_SIGN_ENTITLEMENTS = Particles/Particles.entitlements;
				CODE_SIGN_STYLE = Automatic;
				CURRENT_PROJECT_VERSION = 1;
				DEVELOPMENT_ASSET_PATHS = "\"Particles/Preview Content\"";
				DEVELOPMENT_TEAM = SL7736T2Z4;
				ENABLE_HARDENED_RUNTIME = YES;
				ENABLE_PREVIEWS = YES;
				GENERATE_INFOPLIST_FILE = YES;
				"INFOPLIST_KEY_UIApplicationSceneManifest_Generation[sdk=iphoneos*]" = YES;
				"INFOPLIST_KEY_UIApplicationSceneManifest_Generation[sdk=iphonesimulator*]" = YES;
				"INFOPLIST_KEY_UIApplicationSupportsIndirectInputEvents[sdk=iphoneos*]" = YES;
				"INFOPLIST_KEY_UIApplicationSupportsIndirectInputEvents[sdk=iphonesimulator*]" = YES;
				"INFOPLIST_KEY_UILaunchScreen_Generation[sdk=iphoneos*]" = YES;
				"INFOPLIST_KEY_UILaunchScreen_Generation[sdk=iphonesimulator*]" = YES;
				"INFOPLIST_KEY_UIStatusBarStyle[sdk=iphoneos*]" = UIStatusBarStyleDefault;
				"INFOPLIST_KEY_UIStatusBarStyle[sdk=iphonesimulator*]" = UIStatusBarStyleDefault;
				INFOPLIST_KEY_UISupportedInterfaceOrientations_iPad = "UIInterfaceOrientationPortrait UIInterfaceOrientationPortraitUpsideDown UIInterfaceOrientationLandscapeLeft UIInterfaceOrientationLandscapeRight";
				INFOPLIST_KEY_UISupportedInterfaceOrientations_iPhone = "UIInterfaceOrientationPortrait UIInterfaceOrientationLandscapeLeft UIInterfaceOrientationLandscapeRight";
				IPHONEOS_DEPLOYMENT_TARGET = 17.5;
				LD_RUNPATH_SEARCH_PATHS = "@executable_path/Frameworks";
				"LD_RUNPATH_SEARCH_PATHS[sdk=macosx*]" = "@executable_path/../Frameworks";
				MACOSX_DEPLOYMENT_TARGET = 14.5;
				MARKETING_VERSION = 1.0;
				PRODUCT_BUNDLE_IDENTIFIER = nl.chriseidhof.Particles;
				PRODUCT_NAME = "$(TARGET_NAME)";
				SDKROOT = auto;
				SUPPORTED_PLATFORMS = "iphoneos iphonesimulator macosx";
				SWIFT_EMIT_LOC_STRINGS = YES;
				SWIFT_VERSION = 5.0;
				TARGETED_DEVICE_FAMILY = "1,2";
			};
			name = Debug;
		};
		839864B72C7F586300F2D654 /* Release */ = {
			isa = XCBuildConfiguration;
			buildSettings = {
				ASSETCATALOG_COMPILER_APPICON_NAME = AppIcon;
				ASSETCATALOG_COMPILER_GLOBAL_ACCENT_COLOR_NAME = AccentColor;
				CODE_SIGN_ENTITLEMENTS = Particles/Particles.entitlements;
				CODE_SIGN_STYLE = Automatic;
				CURRENT_PROJECT_VERSION = 1;
				DEVELOPMENT_ASSET_PATHS = "\"Particles/Preview Content\"";
				DEVELOPMENT_TEAM = SL7736T2Z4;
				ENABLE_HARDENED_RUNTIME = YES;
				ENABLE_PREVIEWS = YES;
				GENERATE_INFOPLIST_FILE = YES;
				"INFOPLIST_KEY_UIApplicationSceneManifest_Generation[sdk=iphoneos*]" = YES;
				"INFOPLIST_KEY_UIApplicationSceneManifest_Generation[sdk=iphonesimulator*]" = YES;
				"INFOPLIST_KEY_UIApplicationSupportsIndirectInputEvents[sdk=iphoneos*]" = YES;
				"INFOPLIST_KEY_UIApplicationSupportsIndirectInputEvents[sdk=iphonesimulator*]" = YES;
				"INFOPLIST_KEY_UILaunchScreen_Generation[sdk=iphoneos*]" = YES;
				"INFOPLIST_KEY_UILaunchScreen_Generation[sdk=iphonesimulator*]" = YES;
				"INFOPLIST_KEY_UIStatusBarStyle[sdk=iphoneos*]" = UIStatusBarStyleDefault;
				"INFOPLIST_KEY_UIStatusBarStyle[sdk=iphonesimulator*]" = UIStatusBarStyleDefault;
				INFOPLIST_KEY_UISupportedInterfaceOrientations_iPad = "UIInterfaceOrientationPortrait UIInterfaceOrientationPortraitUpsideDown UIInterfaceOrientationLandscapeLeft UIInterfaceOrientationLandscapeRight";
				INFOPLIST_KEY_UISupportedInterfaceOrientations_iPhone = "UIInterfaceOrientationPortrait UIInterfaceOrientationLandscapeLeft UIInterfaceOrientationLandscapeRight";
				IPHONEOS_DEPLOYMENT_TARGET = 17.5;
				LD_RUNPATH_SEARCH_PATHS = "@executable_path/Frameworks";
				"LD_RUNPATH_SEARCH_PATHS[sdk=macosx*]" = "@executable_path/../Frameworks";
				MACOSX_DEPLOYMENT_TARGET = 14.5;
				MARKETING_VERSION = 1.0;
				PRODUCT_BUNDLE_IDENTIFIER = nl.chriseidhof.Particles;
				PRODUCT_NAME = "$(TARGET_NAME)";
				SDKROOT = auto;
				SUPPORTED_PLATFORMS = "iphoneos iphonesimulator macosx";
				SWIFT_EMIT_LOC_STRINGS = YES;
				SWIFT_VERSION = 5.0;
				TARGETED_DEVICE_FAMILY = "1,2";
			};
			name = Release;
		};
		839864B92C7F586300F2D654 /* Debug */ = {
			isa = XCBuildConfiguration;
			buildSettings = {
				ALWAYS_EMBED_SWIFT_STANDARD_LIBRARIES = YES;
				BUNDLE_LOADER = "$(TEST_HOST)";
				CODE_SIGN_STYLE = Automatic;
				CURRENT_PROJECT_VERSION = 1;
				DEVELOPMENT_TEAM = SL7736T2Z4;
				GENERATE_INFOPLIST_FILE = YES;
				IPHONEOS_DEPLOYMENT_TARGET = 17.5;
				MACOSX_DEPLOYMENT_TARGET = 14.5;
				MARKETING_VERSION = 1.0;
				PRODUCT_BUNDLE_IDENTIFIER = nl.chriseidhof.ParticlesTests;
				PRODUCT_NAME = "$(TARGET_NAME)";
				SDKROOT = auto;
				SUPPORTED_PLATFORMS = "iphoneos iphonesimulator macosx";
				SWIFT_EMIT_LOC_STRINGS = NO;
				SWIFT_VERSION = 5.0;
				TARGETED_DEVICE_FAMILY = "1,2";
				TEST_HOST = "$(BUILT_PRODUCTS_DIR)/Particles.app/$(BUNDLE_EXECUTABLE_FOLDER_PATH)/Particles";
			};
			name = Debug;
		};
		839864BA2C7F586300F2D654 /* Release */ = {
			isa = XCBuildConfiguration;
			buildSettings = {
				ALWAYS_EMBED_SWIFT_STANDARD_LIBRARIES = YES;
				BUNDLE_LOADER = "$(TEST_HOST)";
				CODE_SIGN_STYLE = Automatic;
				CURRENT_PROJECT_VERSION = 1;
				DEVELOPMENT_TEAM = SL7736T2Z4;
				GENERATE_INFOPLIST_FILE = YES;
				IPHONEOS_DEPLOYMENT_TARGET = 17.5;
				MACOSX_DEPLOYMENT_TARGET = 14.5;
				MARKETING_VERSION = 1.0;
				PRODUCT_BUNDLE_IDENTIFIER = nl.chriseidhof.ParticlesTests;
				PRODUCT_NAME = "$(TARGET_NAME)";
				SDKROOT = auto;
				SUPPORTED_PLATFORMS = "iphoneos iphonesimulator macosx";
				SWIFT_EMIT_LOC_STRINGS = NO;
				SWIFT_VERSION = 5.0;
				TARGETED_DEVICE_FAMILY = "1,2";
				TEST_HOST = "$(BUILT_PRODUCTS_DIR)/Particles.app/$(BUNDLE_EXECUTABLE_FOLDER_PATH)/Particles";
			};
			name = Release;
		};
		839864BC2C7F586300F2D654 /* Debug */ = {
			isa = XCBuildConfiguration;
			buildSettings = {
				ALWAYS_EMBED_SWIFT_STANDARD_LIBRARIES = YES;
				CODE_SIGN_STYLE = Automatic;
				CURRENT_PROJECT_VERSION = 1;
				DEVELOPMENT_TEAM = SL7736T2Z4;
				GENERATE_INFOPLIST_FILE = YES;
				IPHONEOS_DEPLOYMENT_TARGET = 17.5;
				MACOSX_DEPLOYMENT_TARGET = 14.5;
				MARKETING_VERSION = 1.0;
				PRODUCT_BUNDLE_IDENTIFIER = nl.chriseidhof.ParticlesUITests;
				PRODUCT_NAME = "$(TARGET_NAME)";
				SDKROOT = auto;
				SUPPORTED_PLATFORMS = "iphoneos iphonesimulator macosx";
				SWIFT_EMIT_LOC_STRINGS = NO;
				SWIFT_VERSION = 5.0;
				TARGETED_DEVICE_FAMILY = "1,2";
				TEST_TARGET_NAME = Particles;
			};
			name = Debug;
		};
		839864BD2C7F586300F2D654 /* Release */ = {
			isa = XCBuildConfiguration;
			buildSettings = {
				ALWAYS_EMBED_SWIFT_STANDARD_LIBRARIES = YES;
				CODE_SIGN_STYLE = Automatic;
				CURRENT_PROJECT_VERSION = 1;
				DEVELOPMENT_TEAM = SL7736T2Z4;
				GENERATE_INFOPLIST_FILE = YES;
				IPHONEOS_DEPLOYMENT_TARGET = 17.5;
				MACOSX_DEPLOYMENT_TARGET = 14.5;
				MARKETING_VERSION = 1.0;
				PRODUCT_BUNDLE_IDENTIFIER = nl.chriseidhof.ParticlesUITests;
				PRODUCT_NAME = "$(TARGET_NAME)";
				SDKROOT = auto;
				SUPPORTED_PLATFORMS = "iphoneos iphonesimulator macosx";
				SWIFT_EMIT_LOC_STRINGS = NO;
				SWIFT_VERSION = 5.0;
				TARGETED_DEVICE_FAMILY = "1,2";
				TEST_TARGET_NAME = Particles;
			};
			name = Release;
		};
/* End XCBuildConfiguration section */

/* Begin XCConfigurationList section */
		8398648B2C7F586200F2D654 /* Build configuration list for PBXProject "Particles" */ = {
			isa = XCConfigurationList;
			buildConfigurations = (
				839864B32C7F586300F2D654 /* Debug */,
				839864B42C7F586300F2D654 /* Release */,
			);
			defaultConfigurationIsVisible = 0;
			defaultConfigurationName = Release;
		};
		839864B52C7F586300F2D654 /* Build configuration list for PBXNativeTarget "Particles" */ = {
			isa = XCConfigurationList;
			buildConfigurations = (
				839864B62C7F586300F2D654 /* Debug */,
				839864B72C7F586300F2D654 /* Release */,
			);
			defaultConfigurationIsVisible = 0;
			defaultConfigurationName = Release;
		};
		839864B82C7F586300F2D654 /* Build configuration list for PBXNativeTarget "ParticlesTests" */ = {
			isa = XCConfigurationList;
			buildConfigurations = (
				839864B92C7F586300F2D654 /* Debug */,
				839864BA2C7F586300F2D654 /* Release */,
			);
			defaultConfigurationIsVisible = 0;
			defaultConfigurationName = Release;
		};
		839864BB2C7F586300F2D654 /* Build configuration list for PBXNativeTarget "ParticlesUITests" */ = {
			isa = XCConfigurationList;
			buildConfigurations = (
				839864BC2C7F586300F2D654 /* Debug */,
				839864BD2C7F586300F2D654 /* Release */,
			);
			defaultConfigurationIsVisible = 0;
			defaultConfigurationName = Release;
		};
/* End XCConfigurationList section */
	};
	rootObject = 839864882C7F586200F2D654 /* Project object */;
}
